{
  "name": "updated-portfolio",
  "version": "1.0.0",
  "lockfileVersion": 1,
  "requires": true,
  "dependencies": {
    "delegate": {
      "version": "3.1.3",
      "resolved": "https://registry.npmjs.org/delegate/-/delegate-3.1.3.tgz",
      "integrity": "sha1-moJRp3fXAl+qVXN7w7BxdCEnqf0="
    },
    "swup": {
      "version": "1.7.18",
      "resolved": "https://registry.npmjs.org/swup/-/swup-1.7.18.tgz",
      "integrity": "sha512-Es93DNQizTyknGLXukY7k/CkQzuI0UhVMgfG6RaDhzQfGjZccfPg9JT0bL0DnTMdyT+BMFOq8PeCGMT/hdrgnQ==",
      "requires": {
        "delegate": "3.1.3"
      }
    }
  }
}
